
Microsoft Visual Studio Solution File, Format Version 12.00
# Visual Studio Version 17
VisualStudioVersion = 17.13.35931.197 d17.13
MinimumVisualStudioVersion = 10.0.40219.1
Project("{FAE04EC0-301F-11D3-BF4B-00C04F79EFBC}") = "Day_23_29_April", "Day_23_29_April.csproj", "{04BAB344-DD03-416A-BE6F-36FF84CEDFE9}"
EndProject
Global
	GlobalSection(SolutionConfigurationPlatforms) = preSolution
		Debug|Any CPU = Debug|Any CPU
		Release|Any CPU = Release|Any CPU
	EndGlobalSection
	GlobalSection(ProjectConfigurationPlatforms) = postSolution
		{04BAB344-DD03-416A-BE6F-36FF84CEDFE9}.Debug|Any CPU.ActiveCfg = Debug|Any CPU
		{04BAB344-DD03-416A-BE6F-36FF84CEDFE9}.Debug|Any CPU.Build.0 = Debug|Any CPU
		{04BAB344-DD03-416A-BE6F-36FF84CEDFE9}.Release|Any CPU.ActiveCfg = Release|Any CPU
		{04BAB344-DD03-416A-BE6F-36FF84CEDFE9}.Release|Any CPU.Build.0 = Release|Any CPU
	EndGlobalSection
	GlobalSection(SolutionProperties) = preSolution
		HideSolutionNode = FALSE
	EndGlobalSection
	GlobalSection(ExtensibilityGlobals) = postSolution
		SolutionGuid = {7304CA49-F99B-43E9-870A-E74B8DB3AE16}
	EndGlobalSection
EndGlobal
