
Microsoft Visual Studio Solution File, Format Version 12.00
# Visual Studio Version 17
VisualStudioVersion = 17.13.35931.197 d17.13
MinimumVisualStudioVersion = 10.0.40219.1
Project("{FAE04EC0-301F-11D3-BF4B-00C04F79EFBC}") = "Day_20_24_April", "Day_20_24_April.csproj", "{78065D62-9B6B-4048-9CCA-68991918662C}"
EndProject
Global
	GlobalSection(SolutionConfigurationPlatforms) = preSolution
		Debug|Any CPU = Debug|Any CPU
		Release|Any CPU = Release|Any CPU
	EndGlobalSection
	GlobalSection(ProjectConfigurationPlatforms) = postSolution
		{78065D62-9B6B-4048-9CCA-68991918662C}.Debug|Any CPU.ActiveCfg = Debug|Any CPU
		{78065D62-9B6B-4048-9CCA-68991918662C}.Debug|Any CPU.Build.0 = Debug|Any CPU
		{78065D62-9B6B-4048-9CCA-68991918662C}.Release|Any CPU.ActiveCfg = Release|Any CPU
		{78065D62-9B6B-4048-9CCA-68991918662C}.Release|Any CPU.Build.0 = Release|Any CPU
	EndGlobalSection
	GlobalSection(SolutionProperties) = preSolution
		HideSolutionNode = FALSE
	EndGlobalSection
	GlobalSection(ExtensibilityGlobals) = postSolution
		SolutionGuid = {77C9F1B4-E26D-4563-8AE8-ABF935E3AF29}
	EndGlobalSection
EndGlobal
