
Microsoft Visual Studio Solution File, Format Version 12.00
# Visual Studio Version 17
VisualStudioVersion = 17.13.35931.197 d17.13
MinimumVisualStudioVersion = 10.0.40219.1
Project("{FAE04EC0-301F-11D3-BF4B-00C04F79EFBC}") = "Day_17_18_April", "Day_17_18_April.csproj", "{01ECF522-DC53-4286-B582-C7B49BF154D7}"
EndProject
Global
	GlobalSection(SolutionConfigurationPlatforms) = preSolution
		Debug|Any CPU = Debug|Any CPU
		Release|Any CPU = Release|Any CPU
	EndGlobalSection
	GlobalSection(ProjectConfigurationPlatforms) = postSolution
		{01ECF522-DC53-4286-B582-C7B49BF154D7}.Debug|Any CPU.ActiveCfg = Debug|Any CPU
		{01ECF522-DC53-4286-B582-C7B49BF154D7}.Debug|Any CPU.Build.0 = Debug|Any CPU
		{01ECF522-DC53-4286-B582-C7B49BF154D7}.Release|Any CPU.ActiveCfg = Release|Any CPU
		{01ECF522-DC53-4286-B582-C7B49BF154D7}.Release|Any CPU.Build.0 = Release|Any CPU
	EndGlobalSection
	GlobalSection(SolutionProperties) = preSolution
		HideSolutionNode = FALSE
	EndGlobalSection
	GlobalSection(ExtensibilityGlobals) = postSolution
		SolutionGuid = {B6B86E03-E867-40D1-8B39-398832594411}
	EndGlobalSection
EndGlobal
