
Microsoft Visual Studio Solution File, Format Version 12.00
# Visual Studio Version 17
VisualStudioVersion = 17.13.35931.197 d17.13
MinimumVisualStudioVersion = 10.0.40219.1
Project("{FAE04EC0-301F-11D3-BF4B-00C04F79EFBC}") = "Day_18_21_April", "Day_18_21_April.csproj", "{34BB0056-2DE1-403D-8D19-27DC1C4FC87F}"
EndProject
Global
	GlobalSection(SolutionConfigurationPlatforms) = preSolution
		Debug|Any CPU = Debug|Any CPU
		Release|Any CPU = Release|Any CPU
	EndGlobalSection
	GlobalSection(ProjectConfigurationPlatforms) = postSolution
		{34BB0056-2DE1-403D-8D19-27DC1C4FC87F}.Debug|Any CPU.ActiveCfg = Debug|Any CPU
		{34BB0056-2DE1-403D-8D19-27DC1C4FC87F}.Debug|Any CPU.Build.0 = Debug|Any CPU
		{34BB0056-2DE1-403D-8D19-27DC1C4FC87F}.Release|Any CPU.ActiveCfg = Release|Any CPU
		{34BB0056-2DE1-403D-8D19-27DC1C4FC87F}.Release|Any CPU.Build.0 = Release|Any CPU
	EndGlobalSection
	GlobalSection(SolutionProperties) = preSolution
		HideSolutionNode = FALSE
	EndGlobalSection
	GlobalSection(ExtensibilityGlobals) = postSolution
		SolutionGuid = {6797D38A-150F-49BA-ABEB-F717CFDE668D}
	EndGlobalSection
EndGlobal
