
Microsoft Visual Studio Solution File, Format Version 12.00
# Visual Studio Version 17
VisualStudioVersion = 17.13.35931.197 d17.13
MinimumVisualStudioVersion = 10.0.40219.1
Project("{FAE04EC0-301F-11D3-BF4B-00C04F79EFBC}") = "Day_16_17_April", "Day_16_17_April.csproj", "{992BE90B-8A13-42A6-A8C2-4D30D2F2DFBB}"
EndProject
Global
	GlobalSection(SolutionConfigurationPlatforms) = preSolution
		Debug|Any CPU = Debug|Any CPU
		Release|Any CPU = Release|Any CPU
	EndGlobalSection
	GlobalSection(ProjectConfigurationPlatforms) = postSolution
		{992BE90B-8A13-42A6-A8C2-4D30D2F2DFBB}.Debug|Any CPU.ActiveCfg = Debug|Any CPU
		{992BE90B-8A13-42A6-A8C2-4D30D2F2DFBB}.Debug|Any CPU.Build.0 = Debug|Any CPU
		{992BE90B-8A13-42A6-A8C2-4D30D2F2DFBB}.Release|Any CPU.ActiveCfg = Release|Any CPU
		{992BE90B-8A13-42A6-A8C2-4D30D2F2DFBB}.Release|Any CPU.Build.0 = Release|Any CPU
	EndGlobalSection
	GlobalSection(SolutionProperties) = preSolution
		HideSolutionNode = FALSE
	EndGlobalSection
	GlobalSection(ExtensibilityGlobals) = postSolution
		SolutionGuid = {100B2032-9EA7-41A3-88EC-00052BEDCB8A}
	EndGlobalSection
EndGlobal
